// !$*UTF8*$!
{
	archiveVersion = 1;
	classes = {
	};
	objectVersion = 56;
	objects = {

/* Begin PBXBuildFile section */
		377C34A12C268F1B00FDE309 /* FinalAppProjectApp.swift in Sources */ = {isa = PBXBuildFile; fileRef = 377C34A02C268F1B00FDE309 /* FinalAppProjectApp.swift */; };
		377C34A32C268F1B00FDE309 /* ContentView.swift in Sources */ = {isa = PBXBuildFile; fileRef = 377C34A22C268F1B00FDE309 /* ContentView.swift */; };
		377C34A52C268F1F00FDE309 /* Assets.xcassets in Resources */ = {isa = PBXBuildFile; fileRef = 377C34A42C268F1F00FDE309 /* Assets.xcassets */; };
		377C34A82C268F1F00FDE309 /* Preview Assets.xcassets in Resources */ = {isa = PBXBuildFile; fileRef = 377C34A72C268F1F00FDE309 /* Preview Assets.xcassets */; };
		377C34B22C268F2000FDE309 /* FinalAppProjectTests.swift in Sources */ = {isa = PBXBuildFile; fileRef = 377C34B12C268F2000FDE309 /* FinalAppProjectTests.swift */; };
		377C34BC2C268F2000FDE309 /* FinalAppProjectUITests.swift in Sources */ = {isa = PBXBuildFile; fileRef = 377C34BB2C268F2000FDE309 /* FinalAppProjectUITests.swift */; };
		377C34BE2C268F2000FDE309 /* FinalAppProjectUITestsLaunchTests.swift in Sources */ = {isa = PBXBuildFile; fileRef = 377C34BD2C268F2000FDE309 /* FinalAppProjectUITestsLaunchTests.swift */; };
		377C34CD2C26953B00FDE309 /* newpage.swift in Sources */ = {isa = PBXBuildFile; fileRef = 377C34CC2C26953B00FDE309 /* newpage.swift */; };
		37A40C582C2B378300721E58 /* CalenderFullView.swift in Sources */ = {isa = PBXBuildFile; fileRef = 37A40C572C2B378300721E58 /* CalenderFullView.swift */; };
		37A40C5C2C2B37BC00721E58 /* HabitOne.swift in Sources */ = {isa = PBXBuildFile; fileRef = 37A40C5B2C2B37BC00721E58 /* HabitOne.swift */; };
		37A40C5E2C2B37D000721E58 /* HabitTwo.swift in Sources */ = {isa = PBXBuildFile; fileRef = 37A40C5D2C2B37D000721E58 /* HabitTwo.swift */; };
		37A40C602C2B37E200721E58 /* HabitThree.swift in Sources */ = {isa = PBXBuildFile; fileRef = 37A40C5F2C2B37E200721E58 /* HabitThree.swift */; };
		37A40C622C2B37FC00721E58 /* ImprovementOne.swift in Sources */ = {isa = PBXBuildFile; fileRef = 37A40C612C2B37FC00721E58 /* ImprovementOne.swift */; };
/* End PBXBuildFile section */

/* Begin PBXContainerItemProxy section */
		377C34AE2C268F2000FDE309 /* PBXContainerItemProxy */ = {
			isa = PBXContainerItemProxy;
			containerPortal = 377C34952C268F1B00FDE309 /* Project object */;
			proxyType = 1;
			remoteGlobalIDString = 377C349C2C268F1B00FDE309;
			remoteInfo = FinalAppProject;
		};
		377C34B82C268F2000FDE309 /* PBXContainerItemProxy */ = {
			isa = PBXContainerItemProxy;
			containerPortal = 377C34952C268F1B00FDE309 /* Project object */;
			proxyType = 1;
			remoteGlobalIDString = 377C349C2C268F1B00FDE309;
			remoteInfo = FinalAppProject;
		};
/* End PBXContainerItemProxy section */

/* Begin PBXFileReference section */
		377C349D2C268F1B00FDE309 /* FinalAppProject.app */ = {isa = PBXFileReference; explicitFileType = wrapper.application; includeInIndex = 0; path = FinalAppProject.app; sourceTree = BUILT_PRODUCTS_DIR; };
		377C34A02C268F1B00FDE309 /* FinalAppProjectApp.swift */ = {isa = PBXFileReference; lastKnownFileType = sourcecode.swift; path = FinalAppProjectApp.swift; sourceTree = "<group>"; };
		377C34A22C268F1B00FDE309 /* ContentView.swift */ = {isa = PBXFileReference; lastKnownFileType = sourcecode.swift; path = ContentView.swift; sourceTree = "<group>"; };
		377C34A42C268F1F00FDE309 /* Assets.xcassets */ = {isa = PBXFileReference; lastKnownFileType = folder.assetcatalog; path = Assets.xcassets; sourceTree = "<group>"; };
		377C34A72C268F1F00FDE309 /* Preview Assets.xcassets */ = {isa = PBXFileReference; lastKnownFileType = folder.assetcatalog; path = "Preview Assets.xcassets"; sourceTree = "<group>"; };
		377C34AD2C268F2000FDE309 /* FinalAppProjectTests.xctest */ = {isa = PBXFileReference; explicitFileType = wrapper.cfbundle; includeInIndex = 0; path = FinalAppProjectTests.xctest; sourceTree = BUILT_PRODUCTS_DIR; };
		377C34B12C268F2000FDE309 /* FinalAppProjectTests.swift */ = {isa = PBXFileReference; lastKnownFileType = sourcecode.swift; path = FinalAppProjectTests.swift; sourceTree = "<group>"; };
		377C34B72C268F2000FDE309 /* FinalAppProjectUITests.xctest */ = {isa = PBXFileReference; explicitFileType = wrapper.cfbundle; includeInIndex = 0; path = FinalAppProjectUITests.xctest; sourceTree = BUILT_PRODUCTS_DIR; };
		377C34BB2C268F2000FDE309 /* FinalAppProjectUITests.swift */ = {isa = PBXFileReference; lastKnownFileType = sourcecode.swift; path = FinalAppProjectUITests.swift; sourceTree = "<group>"; };
		377C34BD2C268F2000FDE309 /* FinalAppProjectUITestsLaunchTests.swift */ = {isa = PBXFileReference; lastKnownFileType = sourcecode.swift; path = FinalAppProjectUITestsLaunchTests.swift; sourceTree = "<group>"; };
		377C34CC2C26953B00FDE309 /* newpage.swift */ = {isa = PBXFileReference; lastKnownFileType = sourcecode.swift; path = newpage.swift; sourceTree = "<group>"; };
		37A40C572C2B378300721E58 /* CalenderFullView.swift */ = {isa = PBXFileReference; lastKnownFileType = sourcecode.swift; path = CalenderFullView.swift; sourceTree = "<group>"; };
		37A40C5B2C2B37BC00721E58 /* HabitOne.swift */ = {isa = PBXFileReference; lastKnownFileType = sourcecode.swift; path = HabitOne.swift; sourceTree = "<group>"; };
		37A40C5D2C2B37D000721E58 /* HabitTwo.swift */ = {isa = PBXFileReference; lastKnownFileType = sourcecode.swift; path = HabitTwo.swift; sourceTree = "<group>"; };
		37A40C5F2C2B37E200721E58 /* HabitThree.swift */ = {isa = PBXFileReference; lastKnownFileType = sourcecode.swift; path = HabitThree.swift; sourceTree = "<group>"; };
		37A40C612C2B37FC00721E58 /* ImprovementOne.swift */ = {isa = PBXFileReference; lastKnownFileType = sourcecode.swift; path = ImprovementOne.swift; sourceTree = "<group>"; };
/* End PBXFileReference section */

/* Begin PBXFrameworksBuildPhase section */
		377C349A2C268F1B00FDE309 /* Frameworks */ = {
			isa = PBXFrameworksBuildPhase;
			buildActionMask = 2147483647;
			files = (
			);
			runOnlyForDeploymentPostprocessing = 0;
		};
		377C34AA2C268F2000FDE309 /* Frameworks */ = {
			isa = PBXFrameworksBuildPhase;
			buildActionMask = 2147483647;
			files = (
			);
			runOnlyForDeploymentPostprocessing = 0;
		};
		377C34B42C268F2000FDE309 /* Frameworks */ = {
			isa = PBXFrameworksBuildPhase;
			buildActionMask = 2147483647;
			files = (
			);
			runOnlyForDeploymentPostprocessing = 0;
		};
/* End PBXFrameworksBuildPhase section */

/* Begin PBXGroup section */
		377C34942C268F1B00FDE309 = {
			isa = PBXGroup;
			children = (
				37A40C572C2B378300721E58 /* CalenderFullView.swift */,
				37A40C5B2C2B37BC00721E58 /* HabitOne.swift */,
				37A40C5D2C2B37D000721E58 /* HabitTwo.swift */,
				37A40C5F2C2B37E200721E58 /* HabitThree.swift */,
				37A40C612C2B37FC00721E58 /* ImprovementOne.swift */,
				377C349F2C268F1B00FDE309 /* FinalAppProject */,
				377C34B02C268F2000FDE309 /* FinalAppProjectTests */,
				377C34BA2C268F2000FDE309 /* FinalAppProjectUITests */,
				377C349E2C268F1B00FDE309 /* Products */,
			);
			sourceTree = "<group>";
		};
		377C349E2C268F1B00FDE309 /* Products */ = {
			isa = PBXGroup;
			children = (
				377C349D2C268F1B00FDE309 /* FinalAppProject.app */,
				377C34AD2C268F2000FDE309 /* FinalAppProjectTests.xctest */,
				377C34B72C268F2000FDE309 /* FinalAppProjectUITests.xctest */,
			);
			name = Products;
			sourceTree = "<group>";
		};
		377C349F2C268F1B00FDE309 /* FinalAppProject */ = {
			isa = PBXGroup;
			children = (
				377C34A02C268F1B00FDE309 /* FinalAppProjectApp.swift */,
				377C34CC2C26953B00FDE309 /* newpage.swift */,
				377C34A22C268F1B00FDE309 /* ContentView.swift */,
				377C34A42C268F1F00FDE309 /* Assets.xcassets */,
				377C34A62C268F1F00FDE309 /* Preview Content */,
			);
			path = FinalAppProject;
			sourceTree = "<group>";
		};
		377C34A62C268F1F00FDE309 /* Preview Content */ = {
			isa = PBXGroup;
			children = (
				377C34A72C268F1F00FDE309 /* Preview Assets.xcassets */,
			);
			path = "Preview Content";
			sourceTree = "<group>";
		};
		377C34B02C268F2000FDE309 /* FinalAppProjectTests */ = {
			isa = PBXGroup;
			children = (
				377C34B12C268F2000FDE309 /* FinalAppProjectTests.swift */,
			);
			path = FinalAppProjectTests;
			sourceTree = "<group>";
		};
		377C34BA2C268F2000FDE309 /* FinalAppProjectUITests */ = {
			isa = PBXGroup;
			children = (
				377C34BB2C268F2000FDE309 /* FinalAppProjectUITests.swift */,
				377C34BD2C268F2000FDE309 /* FinalAppProjectUITestsLaunchTests.swift */,
			);
			path = FinalAppProjectUITests;
			sourceTree = "<group>";
		};
/* End PBXGroup section */

/* Begin PBXNativeTarget section */
		377C349C2C268F1B00FDE309 /* FinalAppProject */ = {
			isa = PBXNativeTarget;
			buildConfigurationList = 377C34C12C268F2000FDE309 /* Build configuration list for PBXNativeTarget "FinalAppProject" */;
			buildPhases = (
				377C34992C268F1B00FDE309 /* Sources */,
				377C349A2C268F1B00FDE309 /* Frameworks */,
				377C349B2C268F1B00FDE309 /* Resources */,
			);
			buildRules = (
			);
			dependencies = (
			);
			name = FinalAppProject;
			productName = FinalAppProject;
			productReference = 377C349D2C268F1B00FDE309 /* FinalAppProject.app */;
			productType = "com.apple.product-type.application";
		};
		377C34AC2C268F2000FDE309 /* FinalAppProjectTests */ = {
			isa = PBXNativeTarget;
			buildConfigurationList = 377C34C42C268F2000FDE309 /* Build configuration list for PBXNativeTarget "FinalAppProjectTests" */;
			buildPhases = (
				377C34A92C268F2000FDE309 /* Sources */,
				377C34AA2C268F2000FDE309 /* Frameworks */,
				377C34AB2C268F2000FDE309 /* Resources */,
			);
			buildRules = (
			);
			dependencies = (
				377C34AF2C268F2000FDE309 /* PBXTargetDependency */,
			);
			name = FinalAppProjectTests;
			productName = FinalAppProjectTests;
			productReference = 377C34AD2C268F2000FDE309 /* FinalAppProjectTests.xctest */;
			productType = "com.apple.product-type.bundle.unit-test";
		};
		377C34B62C268F2000FDE309 /* FinalAppProjectUITests */ = {
			isa = PBXNativeTarget;
			buildConfigurationList = 377C34C72C268F2000FDE309 /* Build configuration list for PBXNativeTarget "FinalAppProjectUITests" */;
			buildPhases = (
				377C34B32C268F2000FDE309 /* Sources */,
				377C34B42C268F2000FDE309 /* Frameworks */,
				377C34B52C268F2000FDE309 /* Resources */,
			);
			buildRules = (
			);
			dependencies = (
				377C34B92C268F2000FDE309 /* PBXTargetDependency */,
			);
			name = FinalAppProjectUITests;
			productName = FinalAppProjectUITests;
			productReference = 377C34B72C268F2000FDE309 /* FinalAppProjectUITests.xctest */;
			productType = "com.apple.product-type.bundle.ui-testing";
		};
/* End PBXNativeTarget section */

/* Begin PBXProject section */
		377C34952C268F1B00FDE309 /* Project object */ = {
			isa = PBXProject;
			attributes = {
				BuildIndependentTargetsInParallel = 1;
				LastSwiftUpdateCheck = 1540;
				LastUpgradeCheck = 1540;
				TargetAttributes = {
					377C349C2C268F1B00FDE309 = {
						CreatedOnToolsVersion = 15.4;
					};
					377C34AC2C268F2000FDE309 = {
						CreatedOnToolsVersion = 15.4;
						TestTargetID = 377C349C2C268F1B00FDE309;
					};
					377C34B62C268F2000FDE309 = {
						CreatedOnToolsVersion = 15.4;
						TestTargetID = 377C349C2C268F1B00FDE309;
					};
				};
			};
			buildConfigurationList = 377C34982C268F1B00FDE309 /* Build configuration list for PBXProject "FinalAppProject" */;
			compatibilityVersion = "Xcode 14.0";
			developmentRegion = en;
			hasScannedForEncodings = 0;
			knownRegions = (
				en,
				Base,
			);
			mainGroup = 377C34942C268F1B00FDE309;
			productRefGroup = 377C349E2C268F1B00FDE309 /* Products */;
			projectDirPath = "";
			projectRoot = "";
			targets = (
				377C349C2C268F1B00FDE309 /* FinalAppProject */,
				377C34AC2C268F2000FDE309 /* FinalAppProjectTests */,
				377C34B62C268F2000FDE309 /* FinalAppProjectUITests */,
			);
		};
/* End PBXProject section */

/* Begin PBXResourcesBuildPhase section */
		377C349B2C268F1B00FDE309 /* Resources */ = {
			isa = PBXResourcesBuildPhase;
			buildActionMask = 2147483647;
			files = (
				377C34A82C268F1F00FDE309 /* Preview Assets.xcassets in Resources */,
				377C34A52C268F1F00FDE309 /* Assets.xcassets in Resources */,
			);
			runOnlyForDeploymentPostprocessing = 0;
		};
		377C34AB2C268F2000FDE309 /* Resources */ = {
			isa = PBXResourcesBuildPhase;
			buildActionMask = 2147483647;
			files = (
			);
			runOnlyForDeploymentPostprocessing = 0;
		};
		377C34B52C268F2000FDE309 /* Resources */ = {
			isa = PBXResourcesBuildPhase;
			buildActionMask = 2147483647;
			files = (
			);
			runOnlyForDeploymentPostprocessing = 0;
		};
/* End PBXResourcesBuildPhase section */

/* Begin PBXSourcesBuildPhase section */
		377C34992C268F1B00FDE309 /* Sources */ = {
			isa = PBXSourcesBuildPhase;
			buildActionMask = 2147483647;
			files = (
				377C34A32C268F1B00FDE309 /* ContentView.swift in Sources */,
				37A40C582C2B378300721E58 /* CalenderFullView.swift in Sources */,
				377C34CD2C26953B00FDE309 /* newpage.swift in Sources */,
				37A40C5E2C2B37D000721E58 /* HabitTwo.swift in Sources */,
				37A40C602C2B37E200721E58 /* HabitThree.swift in Sources */,
				37A40C5C2C2B37BC00721E58 /* HabitOne.swift in Sources */,
				377C34A12C268F1B00FDE309 /* FinalAppProjectApp.swift in Sources */,
				37A40C622C2B37FC00721E58 /* ImprovementOne.swift in Sources */,
			);
			runOnlyForDeploymentPostprocessing = 0;
		};
		377C34A92C268F2000FDE309 /* Sources */ = {
			isa = PBXSourcesBuildPhase;
			buildActionMask = 2147483647;
			files = (
				377C34B22C268F2000FDE309 /* FinalAppProjectTests.swift in Sources */,
			);
			runOnlyForDeploymentPostprocessing = 0;
		};
		377C34B32C268F2000FDE309 /* Sources */ = {
			isa = PBXSourcesBuildPhase;
			buildActionMask = 2147483647;
			files = (
				377C34BC2C268F2000FDE309 /* FinalAppProjectUITests.swift in Sources */,
				377C34BE2C268F2000FDE309 /* FinalAppProjectUITestsLaunchTests.swift in Sources */,
			);
			runOnlyForDeploymentPostprocessing = 0;
		};
/* End PBXSourcesBuildPhase section */

/* Begin PBXTargetDependency section */
		377C34AF2C268F2000FDE309 /* PBXTargetDependency */ = {
			isa = PBXTargetDependency;
			target = 377C349C2C268F1B00FDE309 /* FinalAppProject */;
			targetProxy = 377C34AE2C268F2000FDE309 /* PBXContainerItemProxy */;
		};
		377C34B92C268F2000FDE309 /* PBXTargetDependency */ = {
			isa = PBXTargetDependency;
			target = 377C349C2C268F1B00FDE309 /* FinalAppProject */;
			targetProxy = 377C34B82C268F2000FDE309 /* PBXContainerItemProxy */;
		};
/* End PBXTargetDependency section */

/* Begin XCBuildConfiguration section */
		377C34BF2C268F2000FDE309 /* Debug */ = {
			isa = XCBuildConfiguration;
			buildSettings = {
				ALWAYS_SEARCH_USER_PATHS = NO;
				ASSETCATALOG_COMPILER_GENERATE_SWIFT_ASSET_SYMBOL_EXTENSIONS = YES;
				CLANG_ANALYZER_NONNULL = YES;
				CLANG_ANALYZER_NUMBER_OBJECT_CONVERSION = YES_AGGRESSIVE;
				CLANG_CXX_LANGUAGE_STANDARD = "gnu++20";
				CLANG_ENABLE_MODULES = YES;
				CLANG_ENABLE_OBJC_ARC = YES;
				CLANG_ENABLE_OBJC_WEAK = YES;
				CLANG_WARN_BLOCK_CAPTURE_AUTORELEASING = YES;
				CLANG_WARN_BOOL_CONVERSION = YES;
				CLANG_WARN_COMMA = YES;
				CLANG_WARN_CONSTANT_CONVERSION = YES;
				CLANG_WARN_DEPRECATED_OBJC_IMPLEMENTATIONS = YES;
				CLANG_WARN_DIRECT_OBJC_ISA_USAGE = YES_ERROR;
				CLANG_WARN_DOCUMENTATION_COMMENTS = YES;
				CLANG_WARN_EMPTY_BODY = YES;
				CLANG_WARN_ENUM_CONVERSION = YES;
				CLANG_WARN_INFINITE_RECURSION = YES;
				CLANG_WARN_INT_CONVERSION = YES;
				CLANG_WARN_NON_LITERAL_NULL_CONVERSION = YES;
				CLANG_WARN_OBJC_IMPLICIT_RETAIN_SELF = YES;
				CLANG_WARN_OBJC_LITERAL_CONVERSION = YES;
				CLANG_WARN_OBJC_ROOT_CLASS = YES_ERROR;
				CLANG_WARN_QUOTED_INCLUDE_IN_FRAMEWORK_HEADER = YES;
				CLANG_WARN_RANGE_LOOP_ANALYSIS = YES;
				CLANG_WARN_STRICT_PROTOTYPES = YES;
				CLANG_WARN_SUSPICIOUS_MOVE = YES;
				CLANG_WARN_UNGUARDED_AVAILABILITY = YES_AGGRESSIVE;
				CLANG_WARN_UNREACHABLE_CODE = YES;
				CLANG_WARN__DUPLICATE_METHOD_MATCH = YES;
				COPY_PHASE_STRIP = NO;
				DEBUG_INFORMATION_FORMAT = dwarf;
				ENABLE_STRICT_OBJC_MSGSEND = YES;
				ENABLE_TESTABILITY = YES;
				ENABLE_USER_SCRIPT_SANDBOXING = YES;
				GCC_C_LANGUAGE_STANDARD = gnu17;
				GCC_DYNAMIC_NO_PIC = NO;
				GCC_NO_COMMON_BLOCKS = YES;
				GCC_OPTIMIZATION_LEVEL = 0;
				GCC_PREPROCESSOR_DEFINITIONS = (
					"DEBUG=1",
					"$(inherited)",
				);
				GCC_WARN_64_TO_32_BIT_CONVERSION = YES;
				GCC_WARN_ABOUT_RETURN_TYPE = YES_ERROR;
				GCC_WARN_UNDECLARED_SELECTOR = YES;
				GCC_WARN_UNINITIALIZED_AUTOS = YES_AGGRESSIVE;
				GCC_WARN_UNUSED_FUNCTION = YES;
				GCC_WARN_UNUSED_VARIABLE = YES;
				IPHONEOS_DEPLOYMENT_TARGET = 17.5;
				LOCALIZATION_PREFERS_STRING_CATALOGS = YES;
				MTL_ENABLE_DEBUG_INFO = INCLUDE_SOURCE;
				MTL_FAST_MATH = YES;
				ONLY_ACTIVE_ARCH = YES;
				SDKROOT = iphoneos;
				SWIFT_ACTIVE_COMPILATION_CONDITIONS = "DEBUG $(inherited)";
				SWIFT_OPTIMIZATION_LEVEL = "-Onone";
			};
			name = Debug;
		};
		377C34C02C268F2000FDE309 /* Release */ = {
			isa = XCBuildConfiguration;
			buildSettings = {
				ALWAYS_SEARCH_USER_PATHS = NO;
				ASSETCATALOG_COMPILER_GENERATE_SWIFT_ASSET_SYMBOL_EXTENSIONS = YES;
				CLANG_ANALYZER_NONNULL = YES;
				CLANG_ANALYZER_NUMBER_OBJECT_CONVERSION = YES_AGGRESSIVE;
				CLANG_CXX_LANGUAGE_STANDARD = "gnu++20";
				CLANG_ENABLE_MODULES = YES;
				CLANG_ENABLE_OBJC_ARC = YES;
				CLANG_ENABLE_OBJC_WEAK = YES;
				CLANG_WARN_BLOCK_CAPTURE_AUTORELEASING = YES;
				CLANG_WARN_BOOL_CONVERSION = YES;
				CLANG_WARN_COMMA = YES;
				CLANG_WARN_CONSTANT_CONVERSION = YES;
				CLANG_WARN_DEPRECATED_OBJC_IMPLEMENTATIONS = YES;
				CLANG_WARN_DIRECT_OBJC_ISA_USAGE = YES_ERROR;
				CLANG_WARN_DOCUMENTATION_COMMENTS = YES;
				CLANG_WARN_EMPTY_BODY = YES;
				CLANG_WARN_ENUM_CONVERSION = YES;
				CLANG_WARN_INFINITE_RECURSION = YES;
				CLANG_WARN_INT_CONVERSION = YES;
				CLANG_WARN_NON_LITERAL_NULL_CONVERSION = YES;
				CLANG_WARN_OBJC_IMPLICIT_RETAIN_SELF = YES;
				CLANG_WARN_OBJC_LITERAL_CONVERSION = YES;
				CLANG_WARN_OBJC_ROOT_CLASS = YES_ERROR;
				CLANG_WARN_QUOTED_INCLUDE_IN_FRAMEWORK_HEADER = YES;
				CLANG_WARN_RANGE_LOOP_ANALYSIS = YES;
				CLANG_WARN_STRICT_PROTOTYPES = YES;
				CLANG_WARN_SUSPICIOUS_MOVE = YES;
				CLANG_WARN_UNGUARDED_AVAILABILITY = YES_AGGRESSIVE;
				CLANG_WARN_UNREACHABLE_CODE = YES;
				CLANG_WARN__DUPLICATE_METHOD_MATCH = YES;
				COPY_PHASE_STRIP = NO;
				DEBUG_INFORMATION_FORMAT = "dwarf-with-dsym";
				ENABLE_NS_ASSERTIONS = NO;
				ENABLE_STRICT_OBJC_MSGSEND = YES;
				ENABLE_USER_SCRIPT_SANDBOXING = YES;
				GCC_C_LANGUAGE_STANDARD = gnu17;
				GCC_NO_COMMON_BLOCKS = YES;
				GCC_WARN_64_TO_32_BIT_CONVERSION = YES;
				GCC_WARN_ABOUT_RETURN_TYPE = YES_ERROR;
				GCC_WARN_UNDECLARED_SELECTOR = YES;
				GCC_WARN_UNINITIALIZED_AUTOS = YES_AGGRESSIVE;
				GCC_WARN_UNUSED_FUNCTION = YES;
				GCC_WARN_UNUSED_VARIABLE = YES;
				IPHONEOS_DEPLOYMENT_TARGET = 17.5;
				LOCALIZATION_PREFERS_STRING_CATALOGS = YES;
				MTL_ENABLE_DEBUG_INFO = NO;
				MTL_FAST_MATH = YES;
				SDKROOT = iphoneos;
				SWIFT_COMPILATION_MODE = wholemodule;
				VALIDATE_PRODUCT = YES;
			};
			name = Release;
		};
		377C34C22C268F2000FDE309 /* Debug */ = {
			isa = XCBuildConfiguration;
			buildSettings = {
				ASSETCATALOG_COMPILER_APPICON_NAME = AppIcon;
				ASSETCATALOG_COMPILER_GLOBAL_ACCENT_COLOR_NAME = AccentColor;
				CODE_SIGN_STYLE = Automatic;
				CURRENT_PROJECT_VERSION = 1;
				DEVELOPMENT_ASSET_PATHS = "\"FinalAppProject/Preview Content\"";
				ENABLE_PREVIEWS = YES;
				GENERATE_INFOPLIST_FILE = YES;
				INFOPLIST_KEY_UIApplicationSceneManifest_Generation = YES;
				INFOPLIST_KEY_UIApplicationSupportsIndirectInputEvents = YES;
				INFOPLIST_KEY_UILaunchScreen_Generation = YES;
				INFOPLIST_KEY_UISupportedInterfaceOrientations_iPad = "UIInterfaceOrientationPortrait UIInterfaceOrientationPortraitUpsideDown UIInterfaceOrientationLandscapeLeft UIInterfaceOrientationLandscapeRight";
				INFOPLIST_KEY_UISupportedInterfaceOrientations_iPhone = "UIInterfaceOrientationPortrait UIInterfaceOrientationLandscapeLeft UIInterfaceOrientationLandscapeRight";
				LD_RUNPATH_SEARCH_PATHS = (
					"$(inherited)",
					"@executable_path/Frameworks",
				);
				MARKETING_VERSION = 1.0;
				PRODUCT_BUNDLE_IDENTIFIER = kwk.FinalAppProject;
				PRODUCT_NAME = "$(TARGET_NAME)";
				SWIFT_EMIT_LOC_STRINGS = YES;
				SWIFT_VERSION = 5.0;
				TARGETED_DEVICE_FAMILY = "1,2";
			};
			name = Debug;
		};
		377C34C32C268F2000FDE309 /* Release */ = {
			isa = XCBuildConfiguration;
			buildSettings = {
				ASSETCATALOG_COMPILER_APPICON_NAME = AppIcon;
				ASSETCATALOG_COMPILER_GLOBAL_ACCENT_COLOR_NAME = AccentColor;
				CODE_SIGN_STYLE = Automatic;
				CURRENT_PROJECT_VERSION = 1;
				DEVELOPMENT_ASSET_PATHS = "\"FinalAppProject/Preview Content\"";
				ENABLE_PREVIEWS = YES;
				GENERATE_INFOPLIST_FILE = YES;
				INFOPLIST_KEY_UIApplicationSceneManifest_Generation = YES;
				INFOPLIST_KEY_UIApplicationSupportsIndirectInputEvents = YES;
				INFOPLIST_KEY_UILaunchScreen_Generation = YES;
				INFOPLIST_KEY_UISupportedInterfaceOrientations_iPad = "UIInterfaceOrientationPortrait UIInterfaceOrientationPortraitUpsideDown UIInterfaceOrientationLandscapeLeft UIInterfaceOrientationLandscapeRight";
				INFOPLIST_KEY_UISupportedInterfaceOrientations_iPhone = "UIInterfaceOrientationPortrait UIInterfaceOrientationLandscapeLeft UIInterfaceOrientationLandscapeRight";
				LD_RUNPATH_SEARCH_PATHS = (
					"$(inherited)",
					"@executable_path/Frameworks",
				);
				MARKETING_VERSION = 1.0;
				PRODUCT_BUNDLE_IDENTIFIER = kwk.FinalAppProject;
				PRODUCT_NAME = "$(TARGET_NAME)";
				SWIFT_EMIT_LOC_STRINGS = YES;
				SWIFT_VERSION = 5.0;
				TARGETED_DEVICE_FAMILY = "1,2";
			};
			name = Release;
		};
		377C34C52C268F2000FDE309 /* Debug */ = {
			isa = XCBuildConfiguration;
			buildSettings = {
				ALWAYS_EMBED_SWIFT_STANDARD_LIBRARIES = YES;
				BUNDLE_LOADER = "$(TEST_HOST)";
				CODE_SIGN_STYLE = Automatic;
				CURRENT_PROJECT_VERSION = 1;
				GENERATE_INFOPLIST_FILE = YES;
				IPHONEOS_DEPLOYMENT_TARGET = 17.5;
				MARKETING_VERSION = 1.0;
				PRODUCT_BUNDLE_IDENTIFIER = kwk.FinalAppProjectTests;
				PRODUCT_NAME = "$(TARGET_NAME)";
				SWIFT_EMIT_LOC_STRINGS = NO;
				SWIFT_VERSION = 5.0;
				TARGETED_DEVICE_FAMILY = "1,2";
				TEST_HOST = "$(BUILT_PRODUCTS_DIR)/FinalAppProject.app/$(BUNDLE_EXECUTABLE_FOLDER_PATH)/FinalAppProject";
			};
			name = Debug;
		};
		377C34C62C268F2000FDE309 /* Release */ = {
			isa = XCBuildConfiguration;
			buildSettings = {
				ALWAYS_EMBED_SWIFT_STANDARD_LIBRARIES = YES;
				BUNDLE_LOADER = "$(TEST_HOST)";
				CODE_SIGN_STYLE = Automatic;
				CURRENT_PROJECT_VERSION = 1;
				GENERATE_INFOPLIST_FILE = YES;
				IPHONEOS_DEPLOYMENT_TARGET = 17.5;
				MARKETING_VERSION = 1.0;
				PRODUCT_BUNDLE_IDENTIFIER = kwk.FinalAppProjectTests;
				PRODUCT_NAME = "$(TARGET_NAME)";
				SWIFT_EMIT_LOC_STRINGS = NO;
				SWIFT_VERSION = 5.0;
				TARGETED_DEVICE_FAMILY = "1,2";
				TEST_HOST = "$(BUILT_PRODUCTS_DIR)/FinalAppProject.app/$(BUNDLE_EXECUTABLE_FOLDER_PATH)/FinalAppProject";
			};
			name = Release;
		};
		377C34C82C268F2000FDE309 /* Debug */ = {
			isa = XCBuildConfiguration;
			buildSettings = {
				ALWAYS_EMBED_SWIFT_STANDARD_LIBRARIES = YES;
				CODE_SIGN_STYLE = Automatic;
				CURRENT_PROJECT_VERSION = 1;
				GENERATE_INFOPLIST_FILE = YES;
				MARKETING_VERSION = 1.0;
				PRODUCT_BUNDLE_IDENTIFIER = kwk.FinalAppProjectUITests;
				PRODUCT_NAME = "$(TARGET_NAME)";
				SWIFT_EMIT_LOC_STRINGS = NO;
				SWIFT_VERSION = 5.0;
				TARGETED_DEVICE_FAMILY = "1,2";
				TEST_TARGET_NAME = FinalAppProject;
			};
			name = Debug;
		};
		377C34C92C268F2000FDE309 /* Release */ = {
			isa = XCBuildConfiguration;
			buildSettings = {
				ALWAYS_EMBED_SWIFT_STANDARD_LIBRARIES = YES;
				CODE_SIGN_STYLE = Automatic;
				CURRENT_PROJECT_VERSION = 1;
				GENERATE_INFOPLIST_FILE = YES;
				MARKETING_VERSION = 1.0;
				PRODUCT_BUNDLE_IDENTIFIER = kwk.FinalAppProjectUITests;
				PRODUCT_NAME = "$(TARGET_NAME)";
				SWIFT_EMIT_LOC_STRINGS = NO;
				SWIFT_VERSION = 5.0;
				TARGETED_DEVICE_FAMILY = "1,2";
				TEST_TARGET_NAME = FinalAppProject;
			};
			name = Release;
		};
/* End XCBuildConfiguration section */

/* Begin XCConfigurationList section */
		377C34982C268F1B00FDE309 /* Build configuration list for PBXProject "FinalAppProject" */ = {
			isa = XCConfigurationList;
			buildConfigurations = (
				377C34BF2C268F2000FDE309 /* Debug */,
				377C34C02C268F2000FDE309 /* Release */,
			);
			defaultConfigurationIsVisible = 0;
			defaultConfigurationName = Release;
		};
		377C34C12C268F2000FDE309 /* Build configuration list for PBXNativeTarget "FinalAppProject" */ = {
			isa = XCConfigurationList;
			buildConfigurations = (
				377C34C22C268F2000FDE309 /* Debug */,
				377C34C32C268F2000FDE309 /* Release */,
			);
			defaultConfigurationIsVisible = 0;
			defaultConfigurationName = Release;
		};
		377C34C42C268F2000FDE309 /* Build configuration list for PBXNativeTarget "FinalAppProjectTests" */ = {
			isa = XCConfigurationList;
			buildConfigurations = (
				377C34C52C268F2000FDE309 /* Debug */,
				377C34C62C268F2000FDE309 /* Release */,
			);
			defaultConfigurationIsVisible = 0;
			defaultConfigurationName = Release;
		};
		377C34C72C268F2000FDE309 /* Build configuration list for PBXNativeTarget "FinalAppProjectUITests" */ = {
			isa = XCConfigurationList;
			buildConfigurations = (
				377C34C82C268F2000FDE309 /* Debug */,
				377C34C92C268F2000FDE309 /* Release */,
			);
			defaultConfigurationIsVisible = 0;
			defaultConfigurationName = Release;
		};
/* End XCConfigurationList section */
	};
	rootObject = 377C34952C268F1B00FDE309 /* Project object */;
}
